
Microsoft Visual Studio Solution File, Format Version 12.00
# Visual Studio Version 16
VisualStudioVersion = 16.0.31605.320
MinimumVisualStudioVersion = 10.0.40219.1
Project("{9A19103F-16F7-4668-BE54-9A1E7A4F7556}") = "WebOdontologista", "WebOdontologista\WebOdontologista.csproj", "{1E17D6A2-51F9-49AA-8754-FC57F533AFE5}"
EndProject
Project("{9A19103F-16F7-4668-BE54-9A1E7A4F7556}") = "TestProject", "TestModels\TestProject.csproj", "{ED3C5B22-D13B-4DD6-8B11-0E1B97B0B97D}"
	ProjectSection(ProjectDependencies) = postProject
		{1E17D6A2-51F9-49AA-8754-FC57F533AFE5} = {1E17D6A2-51F9-49AA-8754-FC57F533AFE5}
	EndProjectSection
EndProject
Global
	GlobalSection(SolutionConfigurationPlatforms) = preSolution
		Debug|Any CPU = Debug|Any CPU
		Release|Any CPU = Release|Any CPU
	EndGlobalSection
	GlobalSection(ProjectConfigurationPlatforms) = postSolution
		{1E17D6A2-51F9-49AA-8754-FC57F533AFE5}.Debug|Any CPU.ActiveCfg = Debug|Any CPU
		{1E17D6A2-51F9-49AA-8754-FC57F533AFE5}.Debug|Any CPU.Build.0 = Debug|Any CPU
		{1E17D6A2-51F9-49AA-8754-FC57F533AFE5}.Release|Any CPU.ActiveCfg = Release|Any CPU
		{1E17D6A2-51F9-49AA-8754-FC57F533AFE5}.Release|Any CPU.Build.0 = Release|Any CPU
		{ED3C5B22-D13B-4DD6-8B11-0E1B97B0B97D}.Debug|Any CPU.ActiveCfg = Debug|Any CPU
		{ED3C5B22-D13B-4DD6-8B11-0E1B97B0B97D}.Debug|Any CPU.Build.0 = Debug|Any CPU
		{ED3C5B22-D13B-4DD6-8B11-0E1B97B0B97D}.Release|Any CPU.ActiveCfg = Release|Any CPU
		{ED3C5B22-D13B-4DD6-8B11-0E1B97B0B97D}.Release|Any CPU.Build.0 = Release|Any CPU
	EndGlobalSection
	GlobalSection(SolutionProperties) = preSolution
		HideSolutionNode = FALSE
	EndGlobalSection
	GlobalSection(ExtensibilityGlobals) = postSolution
		SolutionGuid = {88975DC5-2EA5-476A-B635-13D02F5751B0}
	EndGlobalSection
EndGlobal
